
Microsoft Visual Studio Solution File, Format Version 12.00
# Visual Studio Version 16
VisualStudioVersion = 16.0.29613.14
MinimumVisualStudioVersion = 10.0.40219.1
Project("{FAE04EC0-301F-11D3-BF4B-00C04F79EFBC}") = "testDiyar", "testDiyar\testDiyar.csproj", "{DE49327F-3EEC-4510-9CF7-11DCFEDA3D76}"
EndProject
Global
	GlobalSection(SolutionConfigurationPlatforms) = preSolution
		Debug|Any CPU = Debug|Any CPU
		Release|Any CPU = Release|Any CPU
	EndGlobalSection
	GlobalSection(ProjectConfigurationPlatforms) = postSolution
		{DE49327F-3EEC-4510-9CF7-11DCFEDA3D76}.Debug|Any CPU.ActiveCfg = Debug|Any CPU
		{DE49327F-3EEC-4510-9CF7-11DCFEDA3D76}.Debug|Any CPU.Build.0 = Debug|Any CPU
		{DE49327F-3EEC-4510-9CF7-11DCFEDA3D76}.Release|Any CPU.ActiveCfg = Release|Any CPU
		{DE49327F-3EEC-4510-9CF7-11DCFEDA3D76}.Release|Any CPU.Build.0 = Release|Any CPU
	EndGlobalSection
	GlobalSection(SolutionProperties) = preSolution
		HideSolutionNode = FALSE
	EndGlobalSection
	GlobalSection(ExtensibilityGlobals) = postSolution
		SolutionGuid = {FB522368-6A94-48C3-AD9A-4C45C60C185A}
	EndGlobalSection
EndGlobal
